
Microsoft Visual Studio Solution File, Format Version 12.00
# Visual Studio Version 17
VisualStudioVersion = 17.10.35013.160
MinimumVisualStudioVersion = 10.0.40219.1
Project("{FAE04EC0-301F-11D3-BF4B-00C04F79EFBC}") = "CommunicationService", "CommunicationService\CommunicationService.csproj", "{2F038125-458E-4DC7-BA17-1CEAA48FC999}"
EndProject
Global
	GlobalSection(SolutionConfigurationPlatforms) = preSolution
		Debug|Any CPU = Debug|Any CPU
		Release|Any CPU = Release|Any CPU
	EndGlobalSection
	GlobalSection(ProjectConfigurationPlatforms) = postSolution
		{2F038125-458E-4DC7-BA17-1CEAA48FC999}.Debug|Any CPU.ActiveCfg = Debug|Any CPU
		{2F038125-458E-4DC7-BA17-1CEAA48FC999}.Debug|Any CPU.Build.0 = Debug|Any CPU
		{2F038125-458E-4DC7-BA17-1CEAA48FC999}.Release|Any CPU.ActiveCfg = Release|Any CPU
		{2F038125-458E-4DC7-BA17-1CEAA48FC999}.Release|Any CPU.Build.0 = Release|Any CPU
	EndGlobalSection
	GlobalSection(SolutionProperties) = preSolution
		HideSolutionNode = FALSE
	EndGlobalSection
	GlobalSection(ExtensibilityGlobals) = postSolution
		SolutionGuid = {BA276B85-78FA-472F-A94F-0BDA543E0C14}
	EndGlobalSection
EndGlobal
